Microsoft Visual Studio Solution File, Format Version 12.00
# Visual Studio Version 16
VisualStudioVersion = 16.0.32428.217
MinimumVisualStudioVersion = 10.0.40219.1
Project("{8BC9CEB8-8B4A-11D0-8D11-00A0C91BC942}") = "RokDeBone2", "RokDeBone2.vcxproj", "{83CB9733-F6CA-4AB9-AD95-F6DBED70B806}"
	ProjectSection(ProjectDependencies) = postProject
		{3A214E06-B95E-4D61-A291-1F8DF2EC10FD} = {3A214E06-B95E-4D61-A291-1F8DF2EC10FD}
		{CEBDE98B-A6AA-46E6-BC79-FAAF823DB9EC} = {CEBDE98B-A6AA-46E6-BC79-FAAF823DB9EC}
		{B1FF1393-3D76-4D20-9A0F-C7927208264C} = {B1FF1393-3D76-4D20-9A0F-C7927208264C}
		{15CBFEFF-7965-41F5-B4E2-21E8795C9159} = {15CBFEFF-7965-41F5-B4E2-21E8795C9159}
	EndProjectSection
EndProject
Project("{8BC9CEB8-8B4A-11D0-8D11-00A0C91BC942}") = "RokDeBone2PS", "RokDeBone2PS.vcxproj", "{5D2E4A23-660D-4740-9536-706863E5748D}"
EndProject
Project("{8BC9CEB8-8B4A-11D0-8D11-00A0C91BC942}") = "libogg_static", "libogg-1.2.2\win32\VS2010\libogg_static.vcxproj", "{15CBFEFF-7965-41F5-B4E2-21E8795C9159}"
	ProjectSection(ProjectDependencies) = postProject
		{B1FF1393-3D76-4D20-9A0F-C7927208264C} = {B1FF1393-3D76-4D20-9A0F-C7927208264C}
	EndProjectSection
EndProject
Project("{8BC9CEB8-8B4A-11D0-8D11-00A0C91BC942}") = "zlib_static", "ZLIB\win32\zlib_static\zlib_static.vcxproj", "{B1FF1393-3D76-4D20-9A0F-C7927208264C}"
EndProject
Project("{8BC9CEB8-8B4A-11D0-8D11-00A0C91BC942}") = "libvorbisfile", "libvorbis-1.3.2\win32\VS2010\libvorbisfile\libvorbisfile_static.vcxproj", "{CEBDE98B-A6AA-46E6-BC79-FAAF823DB9EC}"
	ProjectSection(ProjectDependencies) = postProject
		{15CBFEFF-7965-41F5-B4E2-21E8795C9159} = {15CBFEFF-7965-41F5-B4E2-21E8795C9159}
	EndProjectSection
EndProject
Project("{8BC9CEB8-8B4A-11D0-8D11-00A0C91BC942}") = "libvorbis_static", "libvorbis-1.3.2\win32\VS2010\libvorbis\libvorbis_static.vcxproj", "{3A214E06-B95E-4D61-A291-1F8DF2EC10FD}"
	ProjectSection(ProjectDependencies) = postProject
		{CEBDE98B-A6AA-46E6-BC79-FAAF823DB9EC} = {CEBDE98B-A6AA-46E6-BC79-FAAF823DB9EC}
	EndProjectSection
EndProject
Project("{8BC9CEB8-8B4A-11D0-8D11-00A0C91BC942}") = "ShapeExporter", "..\RDB2PluginSDK\ShapeExporter\ShapeExporter.vcxproj", "{E0471149-191D-46C0-88C8-86BA49ABE2CA}"
EndProject
Project("{2150E333-8FDC-42A3-9474-1A3956D46DE8}") = "RokDeBone2PluginSDK", "RokDeBone2PluginSDK", "{698A65BE-4792-4730-B68C-450EB10EB524}"
EndProject
Project("{8BC9CEB8-8B4A-11D0-8D11-00A0C91BC942}") = "MotionExporter", "..\RDB2PluginSDK\MotionExporter\MotionExporter.vcxproj", "{D27356EB-A0E2-4F93-9DBA-0AC08E5F2FAB}"
EndProject
Project("{8BC9CEB8-8B4A-11D0-8D11-00A0C91BC942}") = "MorphExporter", "..\RDB2PluginSDK\MorphExporter\MorphExporter.vcxproj", "{54C900FA-EBCA-440F-8CD6-49784D2AC3FD}"
EndProject
Project("{8BC9CEB8-8B4A-11D0-8D11-00A0C91BC942}") = "ToonExporter", "..\RDB2PluginSDK\ToonExporter\ToonExporter.vcxproj", "{CDB8D767-0349-4077-B6F9-E7D383E14314}"
EndProject
Project("{2150E333-8FDC-42A3-9474-1A3956D46DE8}") = "OggVorbis", "OggVorbis", "{64CF55CD-E67A-4323-8784-06A411B861E8}"
EndProject
Project("{2150E333-8FDC-42A3-9474-1A3956D46DE8}") = "zlib", "zlib", "{70A9ADA0-51E7-48A5-B4E2-869F23A90078}"
EndProject
Project("{2150E333-8FDC-42A3-9474-1A3956D46DE8}") = "RokDeBone2Main", "RokDeBone2Main", "{17742905-FD8D-46BE-97CE-3945648A15EB}"
EndProject
Global
	GlobalSection(SolutionConfigurationPlatforms) = preSolution
		Debug|Win32 = Debug|Win32
		Debug|x64 = Debug|x64
		Release|Win32 = Release|Win32
		Release|x64 = Release|x64
		Template|Win32 = Template|Win32
		Template|x64 = Template|x64
	EndGlobalSection
	GlobalSection(ProjectConfigurationPlatforms) = postSolution
		{83CB9733-F6CA-4AB9-AD95-F6DBED70B806}.Debug|Win32.ActiveCfg = Debug|Win32
		{83CB9733-F6CA-4AB9-AD95-F6DBED70B806}.Debug|Win32.Build.0 = Debug|Win32
		{83CB9733-F6CA-4AB9-AD95-F6DBED70B806}.Debug|x64.ActiveCfg = Template|x64
		{83CB9733-F6CA-4AB9-AD95-F6DBED70B806}.Debug|x64.Build.0 = Template|x64
		{83CB9733-F6CA-4AB9-AD95-F6DBED70B806}.Release|Win32.ActiveCfg = Release|Win32
		{83CB9733-F6CA-4AB9-AD95-F6DBED70B806}.Release|Win32.Build.0 = Release|Win32
		{83CB9733-F6CA-4AB9-AD95-F6DBED70B806}.Release|x64.ActiveCfg = Release|x64
		{83CB9733-F6CA-4AB9-AD95-F6DBED70B806}.Release|x64.Build.0 = Release|x64
		{83CB9733-F6CA-4AB9-AD95-F6DBED70B806}.Template|Win32.ActiveCfg = Template|Win32
		{83CB9733-F6CA-4AB9-AD95-F6DBED70B806}.Template|Win32.Build.0 = Template|Win32
		{83CB9733-F6CA-4AB9-AD95-F6DBED70B806}.Template|x64.ActiveCfg = Template|x64
		{83CB9733-F6CA-4AB9-AD95-F6DBED70B806}.Template|x64.Build.0 = Template|x64
		{5D2E4A23-660D-4740-9536-706863E5748D}.Debug|Win32.ActiveCfg = Debug|Win32
		{5D2E4A23-660D-4740-9536-706863E5748D}.Debug|x64.ActiveCfg = Debug|x64
		{5D2E4A23-660D-4740-9536-706863E5748D}.Release|Win32.ActiveCfg = Release|Win32
		{5D2E4A23-660D-4740-9536-706863E5748D}.Release|x64.ActiveCfg = Release|x64
		{5D2E4A23-660D-4740-9536-706863E5748D}.Template|Win32.ActiveCfg = Release|Win32
		{5D2E4A23-660D-4740-9536-706863E5748D}.Template|Win32.Build.0 = Release|Win32
		{5D2E4A23-660D-4740-9536-706863E5748D}.Template|x64.ActiveCfg = Release|x64
		{5D2E4A23-660D-4740-9536-706863E5748D}.Template|x64.Build.0 = Release|x64
		{15CBFEFF-7965-41F5-B4E2-21E8795C9159}.Debug|Win32.ActiveCfg = Debug|Win32
		{15CBFEFF-7965-41F5-B4E2-21E8795C9159}.Debug|Win32.Build.0 = Debug|Win32
		{15CBFEFF-7965-41F5-B4E2-21E8795C9159}.Debug|x64.ActiveCfg = Debug|x64
		{15CBFEFF-7965-41F5-B4E2-21E8795C9159}.Debug|x64.Build.0 = Debug|x64
		{15CBFEFF-7965-41F5-B4E2-21E8795C9159}.Release|Win32.ActiveCfg = Release|Win32
		{15CBFEFF-7965-41F5-B4E2-21E8795C9159}.Release|Win32.Build.0 = Release|Win32
		{15CBFEFF-7965-41F5-B4E2-21E8795C9159}.Release|x64.ActiveCfg = Release|x64
		{15CBFEFF-7965-41F5-B4E2-21E8795C9159}.Release|x64.Build.0 = Release|x64
		{15CBFEFF-7965-41F5-B4E2-21E8795C9159}.Template|Win32.ActiveCfg = Release|Win32
		{15CBFEFF-7965-41F5-B4E2-21E8795C9159}.Template|Win32.Build.0 = Release|Win32
		{15CBFEFF-7965-41F5-B4E2-21E8795C9159}.Template|x64.ActiveCfg = Release|x64
		{15CBFEFF-7965-41F5-B4E2-21E8795C9159}.Template|x64.Build.0 = Release|x64
		{B1FF1393-3D76-4D20-9A0F-C7927208264C}.Debug|Win32.ActiveCfg = Debug|Win32
		{B1FF1393-3D76-4D20-9A0F-C7927208264C}.Debug|Win32.Build.0 = Debug|Win32
		{B1FF1393-3D76-4D20-9A0F-C7927208264C}.Debug|x64.ActiveCfg = Debug|Win32
		{B1FF1393-3D76-4D20-9A0F-C7927208264C}.Release|Win32.ActiveCfg = Release|Win32
		{B1FF1393-3D76-4D20-9A0F-C7927208264C}.Release|Win32.Build.0 = Release|Win32
		{B1FF1393-3D76-4D20-9A0F-C7927208264C}.Release|x64.ActiveCfg = Release|Win32
		{B1FF1393-3D76-4D20-9A0F-C7927208264C}.Release|x64.Build.0 = Release|Win32
		{B1FF1393-3D76-4D20-9A0F-C7927208264C}.Template|Win32.ActiveCfg = Release|Win32
		{B1FF1393-3D76-4D20-9A0F-C7927208264C}.Template|Win32.Build.0 = Release|Win32
		{B1FF1393-3D76-4D20-9A0F-C7927208264C}.Template|x64.ActiveCfg = Release|Win32
		{B1FF1393-3D76-4D20-9A0F-C7927208264C}.Template|x64.Build.0 = Release|Win32
		{CEBDE98B-A6AA-46E6-BC79-FAAF823DB9EC}.Debug|Win32.ActiveCfg = Debug|Win32
		{CEBDE98B-A6AA-46E6-BC79-FAAF823DB9EC}.Debug|Win32.Build.0 = Debug|Win32
		{CEBDE98B-A6AA-46E6-BC79-FAAF823DB9EC}.Debug|x64.ActiveCfg = Debug|x64
		{CEBDE98B-A6AA-46E6-BC79-FAAF823DB9EC}.Debug|x64.Build.0 = Debug|x64
		{CEBDE98B-A6AA-46E6-BC79-FAAF823DB9EC}.Release|Win32.ActiveCfg = Release|Win32
		{CEBDE98B-A6AA-46E6-BC79-FAAF823DB9EC}.Release|Win32.Build.0 = Release|Win32
		{CEBDE98B-A6AA-46E6-BC79-FAAF823DB9EC}.Release|x64.ActiveCfg = Release|x64
		{CEBDE98B-A6AA-46E6-BC79-FAAF823DB9EC}.Release|x64.Build.0 = Release|x64
		{CEBDE98B-A6AA-46E6-BC79-FAAF823DB9EC}.Template|Win32.ActiveCfg = Release|Win32
		{CEBDE98B-A6AA-46E6-BC79-FAAF823DB9EC}.Template|Win32.Build.0 = Release|Win32
		{CEBDE98B-A6AA-46E6-BC79-FAAF823DB9EC}.Template|x64.ActiveCfg = Release|x64
		{CEBDE98B-A6AA-46E6-BC79-FAAF823DB9EC}.Template|x64.Build.0 = Release|x64
		{3A214E06-B95E-4D61-A291-1F8DF2EC10FD}.Debug|Win32.ActiveCfg = Debug|Win32
		{3A214E06-B95E-4D61-A291-1F8DF2EC10FD}.Debug|Win32.Build.0 = Debug|Win32
		{3A214E06-B95E-4D61-A291-1F8DF2EC10FD}.Debug|x64.ActiveCfg = Debug|x64
		{3A214E06-B95E-4D61-A291-1F8DF2EC10FD}.Debug|x64.Build.0 = Debug|x64
		{3A214E06-B95E-4D61-A291-1F8DF2EC10FD}.Release|Win32.ActiveCfg = Release|Win32
		{3A214E06-B95E-4D61-A291-1F8DF2EC10FD}.Release|Win32.Build.0 = Release|Win32
		{3A214E06-B95E-4D61-A291-1F8DF2EC10FD}.Release|x64.ActiveCfg = Release|x64
		{3A214E06-B95E-4D61-A291-1F8DF2EC10FD}.Release|x64.Build.0 = Release|x64
		{3A214E06-B95E-4D61-A291-1F8DF2EC10FD}.Template|Win32.ActiveCfg = Release|Win32
		{3A214E06-B95E-4D61-A291-1F8DF2EC10FD}.Template|Win32.Build.0 = Release|Win32
		{3A214E06-B95E-4D61-A291-1F8DF2EC10FD}.Template|x64.ActiveCfg = Release|x64
		{3A214E06-B95E-4D61-A291-1F8DF2EC10FD}.Template|x64.Build.0 = Release|x64
		{E0471149-191D-46C0-88C8-86BA49ABE2CA}.Debug|Win32.ActiveCfg = Debug|Win32
		{E0471149-191D-46C0-88C8-86BA49ABE2CA}.Debug|Win32.Build.0 = Debug|Win32
		{E0471149-191D-46C0-88C8-86BA49ABE2CA}.Debug|x64.ActiveCfg = Debug|Win32
		{E0471149-191D-46C0-88C8-86BA49ABE2CA}.Release|Win32.ActiveCfg = Release|Win32
		{E0471149-191D-46C0-88C8-86BA49ABE2CA}.Release|Win32.Build.0 = Release|Win32
		{E0471149-191D-46C0-88C8-86BA49ABE2CA}.Release|x64.ActiveCfg = Release|Win32
		{E0471149-191D-46C0-88C8-86BA49ABE2CA}.Template|Win32.ActiveCfg = Debug|Win32
		{E0471149-191D-46C0-88C8-86BA49ABE2CA}.Template|Win32.Build.0 = Debug|Win32
		{E0471149-191D-46C0-88C8-86BA49ABE2CA}.Template|x64.ActiveCfg = Debug|Win32
		{E0471149-191D-46C0-88C8-86BA49ABE2CA}.Template|x64.Build.0 = Debug|Win32
		{D27356EB-A0E2-4F93-9DBA-0AC08E5F2FAB}.Debug|Win32.ActiveCfg = Debug|Win32
		{D27356EB-A0E2-4F93-9DBA-0AC08E5F2FAB}.Debug|Win32.Build.0 = Debug|Win32
		{D27356EB-A0E2-4F93-9DBA-0AC08E5F2FAB}.Debug|x64.ActiveCfg = Debug|Win32
		{D27356EB-A0E2-4F93-9DBA-0AC08E5F2FAB}.Release|Win32.ActiveCfg = Release|Win32
		{D27356EB-A0E2-4F93-9DBA-0AC08E5F2FAB}.Release|Win32.Build.0 = Release|Win32
		{D27356EB-A0E2-4F93-9DBA-0AC08E5F2FAB}.Release|x64.ActiveCfg = Release|Win32
		{D27356EB-A0E2-4F93-9DBA-0AC08E5F2FAB}.Template|Win32.ActiveCfg = Debug|Win32
		{D27356EB-A0E2-4F93-9DBA-0AC08E5F2FAB}.Template|Win32.Build.0 = Debug|Win32
		{D27356EB-A0E2-4F93-9DBA-0AC08E5F2FAB}.Template|x64.ActiveCfg = Debug|Win32
		{D27356EB-A0E2-4F93-9DBA-0AC08E5F2FAB}.Template|x64.Build.0 = Debug|Win32
		{54C900FA-EBCA-440F-8CD6-49784D2AC3FD}.Debug|Win32.ActiveCfg = Debug|Win32
		{54C900FA-EBCA-440F-8CD6-49784D2AC3FD}.Debug|Win32.Build.0 = Debug|Win32
		{54C900FA-EBCA-440F-8CD6-49784D2AC3FD}.Debug|x64.ActiveCfg = Debug|Win32
		{54C900FA-EBCA-440F-8CD6-49784D2AC3FD}.Release|Win32.ActiveCfg = Release|Win32
		{54C900FA-EBCA-440F-8CD6-49784D2AC3FD}.Release|Win32.Build.0 = Release|Win32
		{54C900FA-EBCA-440F-8CD6-49784D2AC3FD}.Release|x64.ActiveCfg = Release|Win32
		{54C900FA-EBCA-440F-8CD6-49784D2AC3FD}.Template|Win32.ActiveCfg = Debug|Win32
		{54C900FA-EBCA-440F-8CD6-49784D2AC3FD}.Template|Win32.Build.0 = Debug|Win32
		{54C900FA-EBCA-440F-8CD6-49784D2AC3FD}.Template|x64.ActiveCfg = Debug|Win32
		{54C900FA-EBCA-440F-8CD6-49784D2AC3FD}.Template|x64.Build.0 = Debug|Win32
		{CDB8D767-0349-4077-B6F9-E7D383E14314}.Debug|Win32.ActiveCfg = Debug|Win32
		{CDB8D767-0349-4077-B6F9-E7D383E14314}.Debug|Win32.Build.0 = Debug|Win32
		{CDB8D767-0349-4077-B6F9-E7D383E14314}.Debug|x64.ActiveCfg = Debug|Win32
		{CDB8D767-0349-4077-B6F9-E7D383E14314}.Release|Win32.ActiveCfg = Release|Win32
		{CDB8D767-0349-4077-B6F9-E7D383E14314}.Release|Win32.Build.0 = Release|Win32
		{CDB8D767-0349-4077-B6F9-E7D383E14314}.Release|x64.ActiveCfg = Release|Win32
		{CDB8D767-0349-4077-B6F9-E7D383E14314}.Template|Win32.ActiveCfg = Debug|Win32
		{CDB8D767-0349-4077-B6F9-E7D383E14314}.Template|Win32.Build.0 = Debug|Win32
		{CDB8D767-0349-4077-B6F9-E7D383E14314}.Template|x64.ActiveCfg = Debug|Win32
		{CDB8D767-0349-4077-B6F9-E7D383E14314}.Template|x64.Build.0 = Debug|Win32
	EndGlobalSection
	GlobalSection(SolutionProperties) = preSolution
		HideSolutionNode = FALSE
	EndGlobalSection
	GlobalSection(NestedProjects) = preSolution
		{83CB9733-F6CA-4AB9-AD95-F6DBED70B806} = {17742905-FD8D-46BE-97CE-3945648A15EB}
		{5D2E4A23-660D-4740-9536-706863E5748D} = {17742905-FD8D-46BE-97CE-3945648A15EB}
		{15CBFEFF-7965-41F5-B4E2-21E8795C9159} = {64CF55CD-E67A-4323-8784-06A411B861E8}
		{B1FF1393-3D76-4D20-9A0F-C7927208264C} = {70A9ADA0-51E7-48A5-B4E2-869F23A90078}
		{CEBDE98B-A6AA-46E6-BC79-FAAF823DB9EC} = {64CF55CD-E67A-4323-8784-06A411B861E8}
		{3A214E06-B95E-4D61-A291-1F8DF2EC10FD} = {64CF55CD-E67A-4323-8784-06A411B861E8}
		{E0471149-191D-46C0-88C8-86BA49ABE2CA} = {698A65BE-4792-4730-B68C-450EB10EB524}
		{D27356EB-A0E2-4F93-9DBA-0AC08E5F2FAB} = {698A65BE-4792-4730-B68C-450EB10EB524}
		{54C900FA-EBCA-440F-8CD6-49784D2AC3FD} = {698A65BE-4792-4730-B68C-450EB10EB524}
		{CDB8D767-0349-4077-B6F9-E7D383E14314} = {698A65BE-4792-4730-B68C-450EB10EB524}
	EndGlobalSection
	GlobalSection(ExtensibilityGlobals) = postSolution
		SolutionGuid = {35DA0CE2-DD75-4A3A-8887-F78DD13F26E0}
	EndGlobalSection
EndGlobal
