
Microsoft Visual Studio Solution File, Format Version 10.00
# Visual Studio 2008
Project("{8BC9CEB8-8B4A-11D0-8D11-00A0C91BC942}") = "ToonExporter", "ToonExporter.vcproj", "{CDB8D767-0349-4077-B6F9-E7D383E14314}"
EndProject
Global
	GlobalSection(SolutionConfigurationPlatforms) = preSolution
		Debug|Win32 = Debug|Win32
		Release|Win32 = Release|Win32
	EndGlobalSection
	GlobalSection(ProjectConfigurationPlatforms) = postSolution
		{CDB8D767-0349-4077-B6F9-E7D383E14314}.Debug|Win32.ActiveCfg = Debug|Win32
		{CDB8D767-0349-4077-B6F9-E7D383E14314}.Debug|Win32.Build.0 = Debug|Win32
		{CDB8D767-0349-4077-B6F9-E7D383E14314}.Release|Win32.ActiveCfg = Release|Win32
		{CDB8D767-0349-4077-B6F9-E7D383E14314}.Release|Win32.Build.0 = Release|Win32
	EndGlobalSection
	GlobalSection(SolutionProperties) = preSolution
		HideSolutionNode = FALSE
	EndGlobalSection
EndGlobal
